# This file is autogenerated, do not edit; changes may be undone by the next 'dep ensure'.


[[projects]]
  branch = "master"
  name = "github.com/mackerelio/go-mackerel-plugin-helper"
  packages = ["."]
  revision = "212a27a8642998396b25acaba2fdc1263c4d3e47"

[[projects]]
  branch = "master"
  name = "github.com/mackerelio/golib"
  packages = ["pluginutil"]
  revision = "295ea2626d02a5d78c2ad6c4148a77ab68540b79"

[[projects]]
  branch = "master"
  name = "github.com/treasure-data/td-client-go"
  packages = ["."]
  revision = "78c8897f2b646897d28373af444163416a8e805c"

[[projects]]
  name = "github.com/ugorji/go"
  packages = ["codec"]
  revision = "9831f2c3ac1068a78f50999a30db84270f647af6"
  version = "v1.1"

[solve-meta]
  analyzer-name = "dep"
  analyzer-version = 1
  inputs-digest = "2ad665711414cd135f9f942bf0628a8ab7a8cfa0e585832394ec60a39c9c0847"
  solver-name = "gps-cdcl"
  solver-version = 1
